// !$*UTF8*$!
{
	archiveVersion = 1;
	classes = {
	};
	objectVersion = 46;
	objects = {

/* Begin PBXBuildFile section */
		4F6BDBE61E2AA2E100A63531 /* SettingsLauncher.swift in Sources */ = {isa = PBXBuildFile; fileRef = 4F6BDBE51E2AA2E100A63531 /* SettingsLauncher.swift */; };
		4F6BDBE81E2AB0A800A63531 /* SettingCell.swift in Sources */ = {isa = PBXBuildFile; fileRef = 4F6BDBE71E2AB0A800A63531 /* SettingCell.swift */; };
		4FF541471E28D3B8004C9F5B /* AppDelegate.swift in Sources */ = {isa = PBXBuildFile; fileRef = 4FF541461E28D3B8004C9F5B /* AppDelegate.swift */; };
		4FF541491E28D3B8004C9F5B /* HomeController.swift in Sources */ = {isa = PBXBuildFile; fileRef = 4FF541481E28D3B8004C9F5B /* HomeController.swift */; };
		4FF5414C1E28D3B8004C9F5B /* Main.storyboard in Resources */ = {isa = PBXBuildFile; fileRef = 4FF5414A1E28D3B8004C9F5B /* Main.storyboard */; };
		4FF5414E1E28D3B8004C9F5B /* Assets.xcassets in Resources */ = {isa = PBXBuildFile; fileRef = 4FF5414D1E28D3B8004C9F5B /* Assets.xcassets */; };
		4FF541511E28D3B8004C9F5B /* LaunchScreen.storyboard in Resources */ = {isa = PBXBuildFile; fileRef = 4FF5414F1E28D3B8004C9F5B /* LaunchScreen.storyboard */; };
		4FF5415A1E2A238A004C9F5B /* Extensions.swift in Sources */ = {isa = PBXBuildFile; fileRef = 4FF541591E2A238A004C9F5B /* Extensions.swift */; };
		4FF5415F1E2A23F8004C9F5B /* VideoCell.swift in Sources */ = {isa = PBXBuildFile; fileRef = 4FF5415E1E2A23F8004C9F5B /* VideoCell.swift */; };
		4FF541611E2A26BF004C9F5B /* MenuBar.swift in Sources */ = {isa = PBXBuildFile; fileRef = 4FF541601E2A26BF004C9F5B /* MenuBar.swift */; };
		4FF541631E2A4C07004C9F5B /* Video.swift in Sources */ = {isa = PBXBuildFile; fileRef = 4FF541621E2A4C07004C9F5B /* Video.swift */; };
/* End PBXBuildFile section */

/* Begin PBXFileReference section */
		4F6BDBE51E2AA2E100A63531 /* SettingsLauncher.swift */ = {isa = PBXFileReference; fileEncoding = 4; lastKnownFileType = sourcecode.swift; path = SettingsLauncher.swift; sourceTree = "<group>"; };
		4F6BDBE71E2AB0A800A63531 /* SettingCell.swift */ = {isa = PBXFileReference; fileEncoding = 4; lastKnownFileType = sourcecode.swift; path = SettingCell.swift; sourceTree = "<group>"; };
		4FF541431E28D3B8004C9F5B /* YouTube.app */ = {isa = PBXFileReference; explicitFileType = wrapper.application; includeInIndex = 0; path = YouTube.app; sourceTree = BUILT_PRODUCTS_DIR; };
		4FF541461E28D3B8004C9F5B /* AppDelegate.swift */ = {isa = PBXFileReference; lastKnownFileType = sourcecode.swift; path = AppDelegate.swift; sourceTree = "<group>"; };
		4FF541481E28D3B8004C9F5B /* HomeController.swift */ = {isa = PBXFileReference; lastKnownFileType = sourcecode.swift; path = HomeController.swift; sourceTree = "<group>"; };
		4FF5414B1E28D3B8004C9F5B /* Base */ = {isa = PBXFileReference; lastKnownFileType = file.storyboard; name = Base; path = Base.lproj/Main.storyboard; sourceTree = "<group>"; };
		4FF5414D1E28D3B8004C9F5B /* Assets.xcassets */ = {isa = PBXFileReference; lastKnownFileType = folder.assetcatalog; path = Assets.xcassets; sourceTree = "<group>"; };
		4FF541501E28D3B8004C9F5B /* Base */ = {isa = PBXFileReference; lastKnownFileType = file.storyboard; name = Base; path = Base.lproj/LaunchScreen.storyboard; sourceTree = "<group>"; };
		4FF541521E28D3B8004C9F5B /* Info.plist */ = {isa = PBXFileReference; lastKnownFileType = text.plist.xml; path = Info.plist; sourceTree = "<group>"; };
		4FF541591E2A238A004C9F5B /* Extensions.swift */ = {isa = PBXFileReference; fileEncoding = 4; lastKnownFileType = sourcecode.swift; path = Extensions.swift; sourceTree = "<group>"; };
		4FF5415E1E2A23F8004C9F5B /* VideoCell.swift */ = {isa = PBXFileReference; fileEncoding = 4; lastKnownFileType = sourcecode.swift; path = VideoCell.swift; sourceTree = "<group>"; };
		4FF541601E2A26BF004C9F5B /* MenuBar.swift */ = {isa = PBXFileReference; fileEncoding = 4; lastKnownFileType = sourcecode.swift; path = MenuBar.swift; sourceTree = "<group>"; };
		4FF541621E2A4C07004C9F5B /* Video.swift */ = {isa = PBXFileReference; fileEncoding = 4; lastKnownFileType = sourcecode.swift; path = Video.swift; sourceTree = "<group>"; };
/* End PBXFileReference section */

/* Begin PBXFrameworksBuildPhase section */
		4FF541401E28D3B8004C9F5B /* Frameworks */ = {
			isa = PBXFrameworksBuildPhase;
			buildActionMask = 2147483647;
			files = (
			);
			runOnlyForDeploymentPostprocessing = 0;
		};
/* End PBXFrameworksBuildPhase section */

/* Begin PBXGroup section */
		4FF5413A1E28D3B8004C9F5B = {
			isa = PBXGroup;
			children = (
				4FF541451E28D3B8004C9F5B /* YouTube */,
				4FF541441E28D3B8004C9F5B /* Products */,
			);
			sourceTree = "<group>";
		};
		4FF541441E28D3B8004C9F5B /* Products */ = {
			isa = PBXGroup;
			children = (
				4FF541431E28D3B8004C9F5B /* YouTube.app */,
			);
			name = Products;
			sourceTree = "<group>";
		};
		4FF541451E28D3B8004C9F5B /* YouTube */ = {
			isa = PBXGroup;
			children = (
				4FF5415D1E2A23CA004C9F5B /* Model */,
				4FF5415C1E2A23C5004C9F5B /* View */,
				4FF5415B1E2A23BD004C9F5B /* Controller */,
				4FF541581E2A237B004C9F5B /* Helpers */,
				4FF541461E28D3B8004C9F5B /* AppDelegate.swift */,
				4FF5414A1E28D3B8004C9F5B /* Main.storyboard */,
				4FF5414D1E28D3B8004C9F5B /* Assets.xcassets */,
				4FF5414F1E28D3B8004C9F5B /* LaunchScreen.storyboard */,
				4FF541521E28D3B8004C9F5B /* Info.plist */,
			);
			path = YouTube;
			sourceTree = "<group>";
		};
		4FF541581E2A237B004C9F5B /* Helpers */ = {
			isa = PBXGroup;
			children = (
				4FF541591E2A238A004C9F5B /* Extensions.swift */,
			);
			name = Helpers;
			sourceTree = "<group>";
		};
		4FF5415B1E2A23BD004C9F5B /* Controller */ = {
			isa = PBXGroup;
			children = (
				4FF541481E28D3B8004C9F5B /* HomeController.swift */,
				4F6BDBE51E2AA2E100A63531 /* SettingsLauncher.swift */,
			);
			name = Controller;
			sourceTree = "<group>";
		};
		4FF5415C1E2A23C5004C9F5B /* View */ = {
			isa = PBXGroup;
			children = (
				4FF5415E1E2A23F8004C9F5B /* VideoCell.swift */,
				4FF541601E2A26BF004C9F5B /* MenuBar.swift */,
				4F6BDBE71E2AB0A800A63531 /* SettingCell.swift */,
			);
			name = View;
			sourceTree = "<group>";
		};
		4FF5415D1E2A23CA004C9F5B /* Model */ = {
			isa = PBXGroup;
			children = (
				4FF541621E2A4C07004C9F5B /* Video.swift */,
			);
			name = Model;
			sourceTree = "<group>";
		};
/* End PBXGroup section */

/* Begin PBXNativeTarget section */
		4FF541421E28D3B8004C9F5B /* YouTube */ = {
			isa = PBXNativeTarget;
			buildConfigurationList = 4FF541551E28D3B8004C9F5B /* Build configuration list for PBXNativeTarget "YouTube" */;
			buildPhases = (
				4FF5413F1E28D3B8004C9F5B /* Sources */,
				4FF541401E28D3B8004C9F5B /* Frameworks */,
				4FF541411E28D3B8004C9F5B /* Resources */,
			);
			buildRules = (
			);
			dependencies = (
			);
			name = YouTube;
			productName = YouTube;
			productReference = 4FF541431E28D3B8004C9F5B /* YouTube.app */;
			productType = "com.apple.product-type.application";
		};
/* End PBXNativeTarget section */

/* Begin PBXProject section */
		4FF5413B1E28D3B8004C9F5B /* Project object */ = {
			isa = PBXProject;
			attributes = {
				LastSwiftUpdateCheck = 0820;
				LastUpgradeCheck = 0820;
				ORGANIZATIONNAME = afbdev;
				TargetAttributes = {
					4FF541421E28D3B8004C9F5B = {
						CreatedOnToolsVersion = 8.2.1;
						DevelopmentTeam = 85PB5L2AC9;
						ProvisioningStyle = Automatic;
					};
				};
			};
			buildConfigurationList = 4FF5413E1E28D3B8004C9F5B /* Build configuration list for PBXProject "YouTube" */;
			compatibilityVersion = "Xcode 3.2";
			developmentRegion = English;
			hasScannedForEncodings = 0;
			knownRegions = (
				en,
				Base,
			);
			mainGroup = 4FF5413A1E28D3B8004C9F5B;
			productRefGroup = 4FF541441E28D3B8004C9F5B /* Products */;
			projectDirPath = "";
			projectRoot = "";
			targets = (
				4FF541421E28D3B8004C9F5B /* YouTube */,
			);
		};
/* End PBXProject section */

/* Begin PBXResourcesBuildPhase section */
		4FF541411E28D3B8004C9F5B /* Resources */ = {
			isa = PBXResourcesBuildPhase;
			buildActionMask = 2147483647;
			files = (
				4FF541511E28D3B8004C9F5B /* LaunchScreen.storyboard in Resources */,
				4FF5414E1E28D3B8004C9F5B /* Assets.xcassets in Resources */,
				4FF5414C1E28D3B8004C9F5B /* Main.storyboard in Resources */,
			);
			runOnlyForDeploymentPostprocessing = 0;
		};
/* End PBXResourcesBuildPhase section */

/* Begin PBXSourcesBuildPhase section */
		4FF5413F1E28D3B8004C9F5B /* Sources */ = {
			isa = PBXSourcesBuildPhase;
			buildActionMask = 2147483647;
			files = (
				4FF541491E28D3B8004C9F5B /* HomeController.swift in Sources */,
				4FF541631E2A4C07004C9F5B /* Video.swift in Sources */,
				4F6BDBE81E2AB0A800A63531 /* SettingCell.swift in Sources */,
				4FF5415F1E2A23F8004C9F5B /* VideoCell.swift in Sources */,
				4F6BDBE61E2AA2E100A63531 /* SettingsLauncher.swift in Sources */,
				4FF5415A1E2A238A004C9F5B /* Extensions.swift in Sources */,
				4FF541471E28D3B8004C9F5B /* AppDelegate.swift in Sources */,
				4FF541611E2A26BF004C9F5B /* MenuBar.swift in Sources */,
			);
			runOnlyForDeploymentPostprocessing = 0;
		};
/* End PBXSourcesBuildPhase section */

/* Begin PBXVariantGroup section */
		4FF5414A1E28D3B8004C9F5B /* Main.storyboard */ = {
			isa = PBXVariantGroup;
			children = (
				4FF5414B1E28D3B8004C9F5B /* Base */,
			);
			name = Main.storyboard;
			sourceTree = "<group>";
		};
		4FF5414F1E28D3B8004C9F5B /* LaunchScreen.storyboard */ = {
			isa = PBXVariantGroup;
			children = (
				4FF541501E28D3B8004C9F5B /* Base */,
			);
			name = LaunchScreen.storyboard;
			sourceTree = "<group>";
		};
/* End PBXVariantGroup section */

/* Begin XCBuildConfiguration section */
		4FF541531E28D3B8004C9F5B /* Debug */ = {
			isa = XCBuildConfiguration;
			buildSettings = {
				ALWAYS_SEARCH_USER_PATHS = NO;
				CLANG_ANALYZER_NONNULL = YES;
				CLANG_CXX_LANGUAGE_STANDARD = "gnu++0x";
				CLANG_CXX_LIBRARY = "libc++";
				CLANG_ENABLE_MODULES = YES;
				CLANG_ENABLE_OBJC_ARC = YES;
				CLANG_WARN_BOOL_CONVERSION = YES;
				CLANG_WARN_CONSTANT_CONVERSION = YES;
				CLANG_WARN_DIRECT_OBJC_ISA_USAGE = YES_ERROR;
				CLANG_WARN_DOCUMENTATION_COMMENTS = YES;
				CLANG_WARN_EMPTY_BODY = YES;
				CLANG_WARN_ENUM_CONVERSION = YES;
				CLANG_WARN_INFINITE_RECURSION = YES;
				CLANG_WARN_INT_CONVERSION = YES;
				CLANG_WARN_OBJC_ROOT_CLASS = YES_ERROR;
				CLANG_WARN_SUSPICIOUS_MOVE = YES;
				CLANG_WARN_UNREACHABLE_CODE = YES;
				CLANG_WARN__DUPLICATE_METHOD_MATCH = YES;
				"CODE_SIGN_IDENTITY[sdk=iphoneos*]" = "iPhone Developer";
				COPY_PHASE_STRIP = NO;
				DEBUG_INFORMATION_FORMAT = dwarf;
				ENABLE_STRICT_OBJC_MSGSEND = YES;
				ENABLE_TESTABILITY = YES;
				GCC_C_LANGUAGE_STANDARD = gnu99;
				GCC_DYNAMIC_NO_PIC = NO;
				GCC_NO_COMMON_BLOCKS = YES;
				GCC_OPTIMIZATION_LEVEL = 0;
				GCC_PREPROCESSOR_DEFINITIONS = (
					"DEBUG=1",
					"$(inherited)",
				);
				GCC_WARN_64_TO_32_BIT_CONVERSION = YES;
				GCC_WARN_ABOUT_RETURN_TYPE = YES_ERROR;
				GCC_WARN_UNDECLARED_SELECTOR = YES;
				GCC_WARN_UNINITIALIZED_AUTOS = YES_AGGRESSIVE;
				GCC_WARN_UNUSED_FUNCTION = YES;
				GCC_WARN_UNUSED_VARIABLE = YES;
				IPHONEOS_DEPLOYMENT_TARGET = 10.2;
				MTL_ENABLE_DEBUG_INFO = YES;
				ONLY_ACTIVE_ARCH = YES;
				SDKROOT = iphoneos;
				SWIFT_ACTIVE_COMPILATION_CONDITIONS = DEBUG;
				SWIFT_OPTIMIZATION_LEVEL = "-Onone";
				TARGETED_DEVICE_FAMILY = "1,2";
			};
			name = Debug;
		};
		4FF541541E28D3B8004C9F5B /* Release */ = {
			isa = XCBuildConfiguration;
			buildSettings = {
				ALWAYS_SEARCH_USER_PATHS = NO;
				CLANG_ANALYZER_NONNULL = YES;
				CLANG_CXX_LANGUAGE_STANDARD = "gnu++0x";
				CLANG_CXX_LIBRARY = "libc++";
				CLANG_ENABLE_MODULES = YES;
				CLANG_ENABLE_OBJC_ARC = YES;
				CLANG_WARN_BOOL_CONVERSION = YES;
				CLANG_WARN_CONSTANT_CONVERSION = YES;
				CLANG_WARN_DIRECT_OBJC_ISA_USAGE = YES_ERROR;
				CLANG_WARN_DOCUMENTATION_COMMENTS = YES;
				CLANG_WARN_EMPTY_BODY = YES;
				CLANG_WARN_ENUM_CONVERSION = YES;
				CLANG_WARN_INFINITE_RECURSION = YES;
				CLANG_WARN_INT_CONVERSION = YES;
				CLANG_WARN_OBJC_ROOT_CLASS = YES_ERROR;
				CLANG_WARN_SUSPICIOUS_MOVE = YES;
				CLANG_WARN_UNREACHABLE_CODE = YES;
				CLANG_WARN__DUPLICATE_METHOD_MATCH = YES;
				"CODE_SIGN_IDENTITY[sdk=iphoneos*]" = "iPhone Developer";
				COPY_PHASE_STRIP = NO;
				DEBUG_INFORMATION_FORMAT = "dwarf-with-dsym";
				ENABLE_NS_ASSERTIONS = NO;
				ENABLE_STRICT_OBJC_MSGSEND = YES;
				GCC_C_LANGUAGE_STANDARD = gnu99;
				GCC_NO_COMMON_BLOCKS = YES;
				GCC_WARN_64_TO_32_BIT_CONVERSION = YES;
				GCC_WARN_ABOUT_RETURN_TYPE = YES_ERROR;
				GCC_WARN_UNDECLARED_SELECTOR = YES;
				GCC_WARN_UNINITIALIZED_AUTOS = YES_AGGRESSIVE;
				GCC_WARN_UNUSED_FUNCTION = YES;
				GCC_WARN_UNUSED_VARIABLE = YES;
				IPHONEOS_DEPLOYMENT_TARGET = 10.2;
				MTL_ENABLE_DEBUG_INFO = NO;
				SDKROOT = iphoneos;
				SWIFT_OPTIMIZATION_LEVEL = "-Owholemodule";
				TARGETED_DEVICE_FAMILY = "1,2";
				VALIDATE_PRODUCT = YES;
			};
			name = Release;
		};
		4FF541561E28D3B8004C9F5B /* Debug */ = {
			isa = XCBuildConfiguration;
			buildSettings = {
				ASSETCATALOG_COMPILER_APPICON_NAME = AppIcon;
				DEVELOPMENT_TEAM = 85PB5L2AC9;
				INFOPLIST_FILE = YouTube/Info.plist;
				LD_RUNPATH_SEARCH_PATHS = "$(inherited) @executable_path/Frameworks";
				PRODUCT_BUNDLE_IDENTIFIER = com.afbdev.YouTube;
				PRODUCT_NAME = "$(TARGET_NAME)";
				SWIFT_VERSION = 3.0;
			};
			name = Debug;
		};
		4FF541571E28D3B8004C9F5B /* Release */ = {
			isa = XCBuildConfiguration;
			buildSettings = {
				ASSETCATALOG_COMPILER_APPICON_NAME = AppIcon;
				DEVELOPMENT_TEAM = 85PB5L2AC9;
				INFOPLIST_FILE = YouTube/Info.plist;
				LD_RUNPATH_SEARCH_PATHS = "$(inherited) @executable_path/Frameworks";
				PRODUCT_BUNDLE_IDENTIFIER = com.afbdev.YouTube;
				PRODUCT_NAME = "$(TARGET_NAME)";
				SWIFT_VERSION = 3.0;
			};
			name = Release;
		};
/* End XCBuildConfiguration section */

/* Begin XCConfigurationList section */
		4FF5413E1E28D3B8004C9F5B /* Build configuration list for PBXProject "YouTube" */ = {
			isa = XCConfigurationList;
			buildConfigurations = (
				4FF541531E28D3B8004C9F5B /* Debug */,
				4FF541541E28D3B8004C9F5B /* Release */,
			);
			defaultConfigurationIsVisible = 0;
			defaultConfigurationName = Release;
		};
		4FF541551E28D3B8004C9F5B /* Build configuration list for PBXNativeTarget "YouTube" */ = {
			isa = XCConfigurationList;
			buildConfigurations = (
				4FF541561E28D3B8004C9F5B /* Debug */,
				4FF541571E28D3B8004C9F5B /* Release */,
			);
			defaultConfigurationIsVisible = 0;
			defaultConfigurationName = Release;
		};
/* End XCConfigurationList section */
	};
	rootObject = 4FF5413B1E28D3B8004C9F5B /* Project object */;
}
